
Microsoft Visual Studio Solution File, Format Version 12.00
# Visual Studio Version 16
VisualStudioVersion = 16.0.31911.196
MinimumVisualStudioVersion = 10.0.40219.1
Project("{FAE04EC0-301F-11D3-BF4B-00C04F79EFBC}") = "EAPServices", "EAPServices\EAPServices.csproj", "{C5F5A419-F0EE-4694-B179-2DC69913B1B1}"
EndProject
Global
	GlobalSection(SolutionConfigurationPlatforms) = preSolution
		Debug|Any CPU = Debug|Any CPU
		Release|Any CPU = Release|Any CPU
	EndGlobalSection
	GlobalSection(ProjectConfigurationPlatforms) = postSolution
		{C5F5A419-F0EE-4694-B179-2DC69913B1B1}.Debug|Any CPU.ActiveCfg = Debug|Any CPU
		{C5F5A419-F0EE-4694-B179-2DC69913B1B1}.Debug|Any CPU.Build.0 = Debug|Any CPU
		{C5F5A419-F0EE-4694-B179-2DC69913B1B1}.Release|Any CPU.ActiveCfg = Release|Any CPU
		{C5F5A419-F0EE-4694-B179-2DC69913B1B1}.Release|Any CPU.Build.0 = Release|Any CPU
	EndGlobalSection
	GlobalSection(SolutionProperties) = preSolution
		HideSolutionNode = FALSE
	EndGlobalSection
	GlobalSection(ExtensibilityGlobals) = postSolution
		SolutionGuid = {99B4066F-5C5A-465A-B476-8A7F7C424623}
	EndGlobalSection
EndGlobal
